
Microsoft Visual Studio Solution File, Format Version 12.00
# Visual Studio Version 16
VisualStudioVersion = 16.0.32228.343
MinimumVisualStudioVersion = 10.0.40219.1
Project("{FAE04EC0-301F-11D3-BF4B-00C04F79EFBC}") = "bilingSystemGUI", "bilingSystemGUI\bilingSystemGUI.csproj", "{905D9F63-1120-4A95-B8F7-098FBFEC5A41}"
EndProject
Global
	GlobalSection(SolutionConfigurationPlatforms) = preSolution
		Debug|Any CPU = Debug|Any CPU
		Release|Any CPU = Release|Any CPU
	EndGlobalSection
	GlobalSection(ProjectConfigurationPlatforms) = postSolution
		{905D9F63-1120-4A95-B8F7-098FBFEC5A41}.Debug|Any CPU.ActiveCfg = Debug|Any CPU
		{905D9F63-1120-4A95-B8F7-098FBFEC5A41}.Debug|Any CPU.Build.0 = Debug|Any CPU
		{905D9F63-1120-4A95-B8F7-098FBFEC5A41}.Release|Any CPU.ActiveCfg = Release|Any CPU
		{905D9F63-1120-4A95-B8F7-098FBFEC5A41}.Release|Any CPU.Build.0 = Release|Any CPU
	EndGlobalSection
	GlobalSection(SolutionProperties) = preSolution
		HideSolutionNode = FALSE
	EndGlobalSection
	GlobalSection(ExtensibilityGlobals) = postSolution
		SolutionGuid = {8008B6D0-C176-4B2A-9120-8768DA2E8540}
	EndGlobalSection
EndGlobal
